dependencies:
- name: postgresql
  repository: https://charts.bitnami.com/bitnami
  version: 16.2.2
- name: postgresql
  repository: https://charts.bitnami.com/bitnami
  version: 16.2.2
- name: kong
  repository: https://charts.bitnami.com/bitnami
  version: 15.0.0
- name: minio
  repository: https://charts.bitnami.com/bitnami
  version: 14.8.5
- name: vector
  repository: https://helm.vector.dev
  version: 0.37.0
- name: common
  repository: https://charts.bitnami.com/bitnami
  version: 2.27.0
digest: sha256:f52fddab18e1ea171fe763b5da3b58e091ebc55a99954f0a0d65fd7579ea559c
generated: "2024-11-24T16:18:15.441909215+08:00"
