dependencies:
- name: postgresql
  repository: https://charts.bitnami.com/bitnami
  version: 16.2.2
- name: postgresql
  repository: https://charts.bitnami.com/bitnami
  version: 16.2.2
- name: kong
  repository: https://charts.bitnami.com/bitnami
  version: 14.0.9
- name: minio
  repository: https://charts.bitnami.com/bitnami
  version: 14.8.5
- name: vector
  repository: https://helm.vector.dev
  version: 0.37.0
- name: common
  repository: https://charts.bitnami.com/bitnami
  version: 2.27.0
digest: sha256:185071e167be7fa6e511a0cea4d61f3ee32261e65bfff2d6cd7023541f462fe9
generated: "2024-11-22T18:33:24.157586407+08:00"
